{
  "name": "objx-real-benchmarks",
  "lockfileVersion": 3,
  "requires": true,
  "packages": {
    "": {
      "name": "objx-real-benchmarks",
      "dependencies": {
        "@prisma/client": "6.19.3",
        "knex": "^3.1.0",
        "mysql2": "^3.12.0",
        "pg": "^8.12.0",
        "prisma": "6.19.3",
        "sequelize": "^6.37.5"
      }
    },
    "node_modules/@prisma/client": {
      "version": "6.19.3",
      "resolved": "https://registry.npmjs.org/@prisma/client/-/client-6.19.3.tgz",
      "integrity": "sha512-mKq3jQFhjvko5LTJFHGilsuQs+W+T3Gm451NzuTDGQxwCzwXHYnIu2zGkRoW+Exq3Rob7yp2MfzSrdIiZVhrBg==",
      "hasInstallScript": true,
      "license": "Apache-2.0",
      "engines": {
        "node": ">=18.18"
      },
      "peerDependencies": {
        "prisma": "*",
        "typescript": ">=5.1.0"
      },
      "peerDependenciesMeta": {
        "prisma": {
          "optional": true
        },
        "typescript": {
          "optional": true
        }
      }
    },
    "node_modules/@prisma/config": {
      "version": "6.19.3",
      "resolved": "https://registry.npmjs.org/@prisma/config/-/config-6.19.3.tgz",
      "integrity": "sha512-CBPT44BjlQxEt8kiMEauji2WHTDoVBOKl7UlewXmUgBPnr/oPRZC3psci5chJnYmH0ivEIog2OU9PGWoki3DLQ==",
      "license": "Apache-2.0",
      "dependencies": {
        "c12": "3.1.0",
        "deepmerge-ts": "7.1.5",
        "effect": "3.21.0",
        "empathic": "2.0.0"
      }
    },
    "node_modules/@prisma/debug": {
      "version": "6.19.3",
      "resolved": "https://registry.npmjs.org/@prisma/debug/-/debug-6.19.3.tgz",
      "integrity": "sha512-ljkJ+SgpXNktLG0Q/n4JGYCkKf0f8oYLyjImS2I8e2q2WCfdRRtWER062ZV/ixaNP2M2VKlWXVJiGzZaUgbKZw==",
      "license": "Apache-2.0"
    },
    "node_modules/@prisma/engines": {
      "version": "6.19.3",
      "resolved": "https://registry.npmjs.org/@prisma/engines/-/engines-6.19.3.tgz",
      "integrity": "sha512-RSYxtlYFl5pJ8ZePgMv0lZ9IzVCOdTPOegrs2qcbAEFrBI1G33h6wyC9kjQvo0DnYEhEVY0X4LsuFHXLKQk88g==",
      "hasInstallScript": true,
      "license": "Apache-2.0",
      "dependencies": {
        "@prisma/debug": "6.19.3",
        "@prisma/engines-version": "7.1.1-3.c2990dca591cba766e3b7ef5d9e8a84796e47ab7",
        "@prisma/fetch-engine": "6.19.3",
        "@prisma/get-platform": "6.19.3"
      }
    },
    "node_modules/@prisma/engines-version": {
      "version": "7.1.1-3.c2990dca591cba766e3b7ef5d9e8a84796e47ab7",
      "resolved": "https://registry.npmjs.org/@prisma/engines-version/-/engines-version-7.1.1-3.c2990dca591cba766e3b7ef5d9e8a84796e47ab7.tgz",
      "integrity": "sha512-03bgb1VD5gvuumNf+7fVGBzfpJPjmqV423l/WxsWk2cNQ42JD0/SsFBPhN6z8iAvdHs07/7ei77SKu7aZfq8bA==",
      "license": "Apache-2.0"
    },
    "node_modules/@prisma/fetch-engine": {
      "version": "6.19.3",
      "resolved": "https://registry.npmjs.org/@prisma/fetch-engine/-/fetch-engine-6.19.3.tgz",
      "integrity": "sha512-tKtl/qco9Nt7LU5iKhpultD8O4vMCZcU2CHjNTnRrL1QvSUr5W/GcyFPjNL87GtRrwBc7ubXXD9xy4EvLvt8JA==",
      "license": "Apache-2.0",
      "dependencies": {
        "@prisma/debug": "6.19.3",
        "@prisma/engines-version": "7.1.1-3.c2990dca591cba766e3b7ef5d9e8a84796e47ab7",
        "@prisma/get-platform": "6.19.3"
      }
    },
    "node_modules/@prisma/get-platform": {
      "version": "6.19.3",
      "resolved": "https://registry.npmjs.org/@prisma/get-platform/-/get-platform-6.19.3.tgz",
      "integrity": "sha512-xFj1VcJ1N3MKooOQAGO0W5tsd0W2QzIvW7DD7c/8H14Zmp4jseeWAITm+w2LLoLrlhoHdPPh0NMZ8mfL6puoHA==",
      "license": "Apache-2.0",
      "dependencies": {
        "@prisma/debug": "6.19.3"
      }
    },
    "node_modules/@standard-schema/spec": {
      "version": "1.1.0",
      "resolved": "https://registry.npmjs.org/@standard-schema/spec/-/spec-1.1.0.tgz",
      "integrity": "sha512-l2aFy5jALhniG5HgqrD6jXLi/rUWrKvqN/qJx6yoJsgKhblVd+iqqU4RCXavm/jPityDo5TCvKMnpjKnOriy0w==",
      "license": "MIT"
    },
    "node_modules/@types/debug": {
      "version": "4.1.13",
      "resolved": "https://registry.npmjs.org/@types/debug/-/debug-4.1.13.tgz",
      "integrity": "sha512-KSVgmQmzMwPlmtljOomayoR89W4FynCAi3E8PPs7vmDVPe84hT+vGPKkJfThkmXs0x0jAaa9U8uW8bbfyS2fWw==",
      "license": "MIT",
      "dependencies": {
        "@types/ms": "*"
      }
    },
    "node_modules/@types/ms": {
      "version": "2.1.0",
      "resolved": "https://registry.npmjs.org/@types/ms/-/ms-2.1.0.tgz",
      "integrity": "sha512-GsCCIZDE/p3i96vtEqx+7dBUGXrc7zeSK3wwPHIaRThS+9OhWIXRqzs4d6k1SVU8g91DrNRWxWUGhp5KXQb2VA==",
      "license": "MIT"
    },
    "node_modules/@types/node": {
      "version": "25.5.0",
      "resolved": "https://registry.npmjs.org/@types/node/-/node-25.5.0.tgz",
      "integrity": "sha512-jp2P3tQMSxWugkCUKLRPVUpGaL5MVFwF8RDuSRztfwgN1wmqJeMSbKlnEtQqU8UrhTmzEmZdu2I6v2dpp7XIxw==",
      "license": "MIT",
      "peer": true,
      "dependencies": {
        "undici-types": "~7.18.0"
      }
    },
    "node_modules/@types/validator": {
      "version": "13.15.10",
      "resolved": "https://registry.npmjs.org/@types/validator/-/validator-13.15.10.tgz",
      "integrity": "sha512-T8L6i7wCuyoK8A/ZeLYt1+q0ty3Zb9+qbSSvrIVitzT3YjZqkTZ40IbRsPanlB4h1QB3JVL1SYCdR6ngtFYcuA==",
      "license": "MIT"
    },
    "node_modules/aws-ssl-profiles": {
      "version": "1.1.2",
      "resolved": "https://registry.npmjs.org/aws-ssl-profiles/-/aws-ssl-profiles-1.1.2.tgz",
      "integrity": "sha512-NZKeq9AfyQvEeNlN0zSYAaWrmBffJh3IELMZfRpJVWgrpEbtEpnjvzqBPf+mxoI287JohRDoa+/nsfqqiZmF6g==",
      "license": "MIT",
      "engines": {
        "node": ">= 6.0.0"
      }
    },
    "node_modules/c12": {
      "version": "3.1.0",
      "resolved": "https://registry.npmjs.org/c12/-/c12-3.1.0.tgz",
      "integrity": "sha512-uWoS8OU1MEIsOv8p/5a82c3H31LsWVR5qiyXVfBNOzfffjUWtPnhAb4BYI2uG2HfGmZmFjCtui5XNWaps+iFuw==",
      "license": "MIT",
      "dependencies": {
        "chokidar": "^4.0.3",
        "confbox": "^0.2.2",
        "defu": "^6.1.4",
        "dotenv": "^16.6.1",
        "exsolve": "^1.0.7",
        "giget": "^2.0.0",
        "jiti": "^2.4.2",
        "ohash": "^2.0.11",
        "pathe": "^2.0.3",
        "perfect-debounce": "^1.0.0",
        "pkg-types": "^2.2.0",
        "rc9": "^2.1.2"
      },
      "peerDependencies": {
        "magicast": "^0.3.5"
      },
      "peerDependenciesMeta": {
        "magicast": {
          "optional": true
        }
      }
    },
    "node_modules/chokidar": {
      "version": "4.0.3",
      "resolved": "https://registry.npmjs.org/chokidar/-/chokidar-4.0.3.tgz",
      "integrity": "sha512-Qgzu8kfBvo+cA4962jnP1KkS6Dop5NS6g7R5LFYJr4b8Ub94PPQXUksCw9PvXoeXPRRddRNC5C1JQUR2SMGtnA==",
      "license": "MIT",
      "dependencies": {
        "readdirp": "^4.0.1"
      },
      "engines": {
        "node": ">= 14.16.0"
      },
      "funding": {
        "url": "https://paulmillr.com/funding/"
      }
    },
    "node_modules/citty": {
      "version": "0.1.6",
      "resolved": "https://registry.npmjs.org/citty/-/citty-0.1.6.tgz",
      "integrity": "sha512-tskPPKEs8D2KPafUypv2gxwJP8h/OaJmC82QQGGDQcHvXX43xF2VDACcJVmZ0EuSxkpO9Kc4MlrA3q0+FG58AQ==",
      "license": "MIT",
      "dependencies": {
        "consola": "^3.2.3"
      }
    },
    "node_modules/colorette": {
      "version": "2.0.19",
      "resolved": "https://registry.npmjs.org/colorette/-/colorette-2.0.19.tgz",
      "integrity": "sha512-3tlv/dIP7FWvj3BsbHrGLJ6l/oKh1O3TcgBqMn+yyCagOxc23fyzDS6HypQbgxWbkpDnf52p1LuR4eWDQ/K9WQ==",
      "license": "MIT"
    },
    "node_modules/commander": {
      "version": "10.0.1",
      "resolved": "https://registry.npmjs.org/commander/-/commander-10.0.1.tgz",
      "integrity": "sha512-y4Mg2tXshplEbSGzx7amzPwKKOCGuoSRP/CjEdwwk0FOGlUbq6lKuoyDZTNZkmxHdJtp54hdfY/JUrdL7Xfdug==",
      "license": "MIT",
      "engines": {
        "node": ">=14"
      }
    },
    "node_modules/confbox": {
      "version": "0.2.4",
      "resolved": "https://registry.npmjs.org/confbox/-/confbox-0.2.4.tgz",
      "integrity": "sha512-ysOGlgTFbN2/Y6Cg3Iye8YKulHw+R2fNXHrgSmXISQdMnomY6eNDprVdW9R5xBguEqI954+S6709UyiO7B+6OQ==",
      "license": "MIT"
    },
    "node_modules/consola": {
      "version": "3.4.2",
      "resolved": "https://registry.npmjs.org/consola/-/consola-3.4.2.tgz",
      "integrity": "sha512-5IKcdX0nnYavi6G7TtOhwkYzyjfJlatbjMjuLSfE2kYT5pMDOilZ4OvMhi637CcDICTmz3wARPoyhqyX1Y+XvA==",
      "license": "MIT",
      "engines": {
        "node": "^14.18.0 || >=16.10.0"
      }
    },
    "node_modules/debug": {
      "version": "4.3.4",
      "resolved": "https://registry.npmjs.org/debug/-/debug-4.3.4.tgz",
      "integrity": "sha512-PRWFHuSU3eDtQJPvnNY7Jcket1j0t5OuOsFzPPzsekD52Zl8qUfFIPEiswXqIvHWGVHOgX+7G/vCNNhehwxfkQ==",
      "license": "MIT",
      "dependencies": {
        "ms": "2.1.2"
      },
      "engines": {
        "node": ">=6.0"
      },
      "peerDependenciesMeta": {
        "supports-color": {
          "optional": true
        }
      }
    },
    "node_modules/deepmerge-ts": {
      "version": "7.1.5",
      "resolved": "https://registry.npmjs.org/deepmerge-ts/-/deepmerge-ts-7.1.5.tgz",
      "integrity": "sha512-HOJkrhaYsweh+W+e74Yn7YStZOilkoPb6fycpwNLKzSPtruFs48nYis0zy5yJz1+ktUhHxoRDJ27RQAWLIJVJw==",
      "license": "BSD-3-Clause",
      "engines": {
        "node": ">=16.0.0"
      }
    },
    "node_modules/defu": {
      "version": "6.1.6",
      "resolved": "https://registry.npmjs.org/defu/-/defu-6.1.6.tgz",
      "integrity": "sha512-f8mefEW4WIVg4LckePx3mALjQSPQgFlg9U8yaPdlsbdYcHQyj9n2zL2LJEA52smeYxOvmd/nB7TpMtHGMTHcug==",
      "license": "MIT"
    },
    "node_modules/denque": {
      "version": "2.1.0",
      "resolved": "https://registry.npmjs.org/denque/-/denque-2.1.0.tgz",
      "integrity": "sha512-HVQE3AAb/pxF8fQAoiqpvg9i3evqug3hoiwakOyZAwJm+6vZehbkYXZ0l4JxS+I3QxM97v5aaRNhj8v5oBhekw==",
      "license": "Apache-2.0",
      "engines": {
        "node": ">=0.10"
      }
    },
    "node_modules/destr": {
      "version": "2.0.5",
      "resolved": "https://registry.npmjs.org/destr/-/destr-2.0.5.tgz",
      "integrity": "sha512-ugFTXCtDZunbzasqBxrK93Ik/DRYsO6S/fedkWEMKqt04xZ4csmnmwGDBAb07QWNaGMAmnTIemsYZCksjATwsA==",
      "license": "MIT"
    },
    "node_modules/dotenv": {
      "version": "16.6.1",
      "resolved": "https://registry.npmjs.org/dotenv/-/dotenv-16.6.1.tgz",
      "integrity": "sha512-uBq4egWHTcTt33a72vpSG0z3HnPuIl6NqYcTrKEg2azoEyl2hpW0zqlxysq2pK9HlDIHyHyakeYaYnSAwd8bow==",
      "license": "BSD-2-Clause",
      "engines": {
        "node": ">=12"
      },
      "funding": {
        "url": "https://dotenvx.com"
      }
    },
    "node_modules/dottie": {
      "version": "2.0.7",
      "resolved": "https://registry.npmjs.org/dottie/-/dottie-2.0.7.tgz",
      "integrity": "sha512-7lAK2A0b3zZr3UC5aE69CPdCFR4RHW1o2Dr74TqFykxkUCBXSRJum/yPc7g8zRHJqWKomPLHwFLLoUnn8PXXRg==",
      "license": "MIT"
    },
    "node_modules/effect": {
      "version": "3.21.0",
      "resolved": "https://registry.npmjs.org/effect/-/effect-3.21.0.tgz",
      "integrity": "sha512-PPN80qRokCd1f015IANNhrwOnLO7GrrMQfk4/lnZRE/8j7UPWrNNjPV0uBrZutI/nHzernbW+J0hdqQysHiSnQ==",
      "license": "MIT",
      "dependencies": {
        "@standard-schema/spec": "^1.0.0",
        "fast-check": "^3.23.1"
      }
    },
    "node_modules/empathic": {
      "version": "2.0.0",
      "resolved": "https://registry.npmjs.org/empathic/-/empathic-2.0.0.tgz",
      "integrity": "sha512-i6UzDscO/XfAcNYD75CfICkmfLedpyPDdozrLMmQc5ORaQcdMoc21OnlEylMIqI7U8eniKrPMxxtj8k0vhmJhA==",
      "license": "MIT",
      "engines": {
        "node": ">=14"
      }
    },
    "node_modules/escalade": {
      "version": "3.2.0",
      "resolved": "https://registry.npmjs.org/escalade/-/escalade-3.2.0.tgz",
      "integrity": "sha512-WUj2qlxaQtO4g6Pq5c29GTcWGDyd8itL8zTlipgECz3JesAiiOKotd8JU6otB3PACgG6xkJUyVhboMS+bje/jA==",
      "license": "MIT",
      "engines": {
        "node": ">=6"
      }
    },
    "node_modules/esm": {
      "version": "3.2.25",
      "resolved": "https://registry.npmjs.org/esm/-/esm-3.2.25.tgz",
      "integrity": "sha512-U1suiZ2oDVWv4zPO56S0NcR5QriEahGtdN2OR6FiOG4WJvcjBVFB0qI4+eKoWFH483PKGuLuu6V8Z4T5g63UVA==",
      "license": "MIT",
      "engines": {
        "node": ">=6"
      }
    },
    "node_modules/exsolve": {
      "version": "1.0.8",
      "resolved": "https://registry.npmjs.org/exsolve/-/exsolve-1.0.8.tgz",
      "integrity": "sha512-LmDxfWXwcTArk8fUEnOfSZpHOJ6zOMUJKOtFLFqJLoKJetuQG874Uc7/Kki7zFLzYybmZhp1M7+98pfMqeX8yA==",
      "license": "MIT"
    },
    "node_modules/fast-check": {
      "version": "3.23.2",
      "resolved": "https://registry.npmjs.org/fast-check/-/fast-check-3.23.2.tgz",
      "integrity": "sha512-h5+1OzzfCC3Ef7VbtKdcv7zsstUQwUDlYpUTvjeUsJAssPgLn7QzbboPtL5ro04Mq0rPOsMzl7q5hIbRs2wD1A==",
      "funding": [
        {
          "type": "individual",
          "url": "https://github.com/sponsors/dubzzz"
        },
        {
          "type": "opencollective",
          "url": "https://opencollective.com/fast-check"
        }
      ],
      "license": "MIT",
      "dependencies": {
        "pure-rand": "^6.1.0"
      },
      "engines": {
        "node": ">=8.0.0"
      }
    },
    "node_modules/function-bind": {
      "version": "1.1.2",
      "resolved": "https://registry.npmjs.org/function-bind/-/function-bind-1.1.2.tgz",
      "integrity": "sha512-7XHNxH7qX9xG5mIwxkhumTox/MIRNcOgDrxWsMt2pAr23WHp6MrRlN7FBSFpCpr+oVO0F744iUgR82nJMfG2SA==",
      "license": "MIT",
      "funding": {
        "url": "https://github.com/sponsors/ljharb"
      }
    },
    "node_modules/generate-function": {
      "version": "2.3.1",
      "resolved": "https://registry.npmjs.org/generate-function/-/generate-function-2.3.1.tgz",
      "integrity": "sha512-eeB5GfMNeevm/GRYq20ShmsaGcmI81kIX2K9XQx5miC8KdHaC6Jm0qQ8ZNeGOi7wYB8OsdxKs+Y2oVuTFuVwKQ==",
      "license": "MIT",
      "dependencies": {
        "is-property": "^1.0.2"
      }
    },
    "node_modules/get-package-type": {
      "version": "0.1.0",
      "resolved": "https://registry.npmjs.org/get-package-type/-/get-package-type-0.1.0.tgz",
      "integrity": "sha512-pjzuKtY64GYfWizNAJ0fr9VqttZkNiK2iS430LtIHzjBEr6bX8Am2zm4sW4Ro5wjWW5cAlRL1qAMTcXbjNAO2Q==",
      "license": "MIT",
      "engines": {
        "node": ">=8.0.0"
      }
    },
    "node_modules/getopts": {
      "version": "2.3.0",
      "resolved": "https://registry.npmjs.org/getopts/-/getopts-2.3.0.tgz",
      "integrity": "sha512-5eDf9fuSXwxBL6q5HX+dhDj+dslFGWzU5thZ9kNKUkcPtaPdatmUFKwHFrLb/uf/WpA4BHET+AX3Scl56cAjpA==",
      "license": "MIT"
    },
    "node_modules/giget": {
      "version": "2.0.0",
      "resolved": "https://registry.npmjs.org/giget/-/giget-2.0.0.tgz",
      "integrity": "sha512-L5bGsVkxJbJgdnwyuheIunkGatUF/zssUoxxjACCseZYAVbaqdh9Tsmmlkl8vYan09H7sbvKt4pS8GqKLBrEzA==",
      "license": "MIT",
      "dependencies": {
        "citty": "^0.1.6",
        "consola": "^3.4.0",
        "defu": "^6.1.4",
        "node-fetch-native": "^1.6.6",
        "nypm": "^0.6.0",
        "pathe": "^2.0.3"
      },
      "bin": {
        "giget": "dist/cli.mjs"
      }
    },
    "node_modules/hasown": {
      "version": "2.0.2",
      "resolved": "https://registry.npmjs.org/hasown/-/hasown-2.0.2.tgz",
      "integrity": "sha512-0hJU9SCPvmMzIBdZFqNPXWa6dqh7WdH0cII9y+CyS8rG3nL48Bclra9HmKhVVUHyPWNH5Y7xDwAB7bfgSjkUMQ==",
      "license": "MIT",
      "dependencies": {
        "function-bind": "^1.1.2"
      },
      "engines": {
        "node": ">= 0.4"
      }
    },
    "node_modules/iconv-lite": {
      "version": "0.7.2",
      "resolved": "https://registry.npmjs.org/iconv-lite/-/iconv-lite-0.7.2.tgz",
      "integrity": "sha512-im9DjEDQ55s9fL4EYzOAv0yMqmMBSZp6G0VvFyTMPKWxiSBHUj9NW/qqLmXUwXrrM7AvqSlTCfvqRb0cM8yYqw==",
      "license": "MIT",
      "dependencies": {
        "safer-buffer": ">= 2.1.2 < 3.0.0"
      },
      "engines": {
        "node": ">=0.10.0"
      },
      "funding": {
        "type": "opencollective",
        "url": "https://opencollective.com/express"
      }
    },
    "node_modules/inflection": {
      "version": "1.13.4",
      "resolved": "https://registry.npmjs.org/inflection/-/inflection-1.13.4.tgz",
      "integrity": "sha512-6I/HUDeYFfuNCVS3td055BaXBwKYuzw7K3ExVMStBowKo9oOAMJIXIHvdyR3iboTCp1b+1i5DSkIZTcwIktuDw==",
      "engines": [
        "node >= 0.4.0"
      ],
      "license": "MIT"
    },
    "node_modules/interpret": {
      "version": "2.2.0",
      "resolved": "https://registry.npmjs.org/interpret/-/interpret-2.2.0.tgz",
      "integrity": "sha512-Ju0Bz/cEia55xDwUWEa8+olFpCiQoypjnQySseKtmjNrnps3P+xfpUmGr90T7yjlVJmOtybRvPXhKMbHr+fWnw==",
      "license": "MIT",
      "engines": {
        "node": ">= 0.10"
      }
    },
    "node_modules/is-core-module": {
      "version": "2.16.1",
      "resolved": "https://registry.npmjs.org/is-core-module/-/is-core-module-2.16.1.tgz",
      "integrity": "sha512-UfoeMA6fIJ8wTYFEUjelnaGI67v6+N7qXJEvQuIGa99l4xsCruSYOVSQ0uPANn4dAzm8lkYPaKLrrijLq7x23w==",
      "license": "MIT",
      "dependencies": {
        "hasown": "^2.0.2"
      },
      "engines": {
        "node": ">= 0.4"
      },
      "funding": {
        "url": "https://github.com/sponsors/ljharb"
      }
    },
    "node_modules/is-property": {
      "version": "1.0.2",
      "resolved": "https://registry.npmjs.org/is-property/-/is-property-1.0.2.tgz",
      "integrity": "sha512-Ks/IoX00TtClbGQr4TWXemAnktAQvYB7HzcCxDGqEZU6oCmb2INHuOoKxbtR+HFkmYWBKv/dOZtGRiAjDhj92g==",
      "license": "MIT"
    },
    "node_modules/jiti": {
      "version": "2.6.1",
      "resolved": "https://registry.npmjs.org/jiti/-/jiti-2.6.1.tgz",
      "integrity": "sha512-ekilCSN1jwRvIbgeg/57YFh8qQDNbwDb9xT/qu2DAHbFFZUicIl4ygVaAvzveMhMVr3LnpSKTNnwt8PoOfmKhQ==",
      "license": "MIT",
      "bin": {
        "jiti": "lib/jiti-cli.mjs"
      }
    },
    "node_modules/knex": {
      "version": "3.2.8",
      "resolved": "https://registry.npmjs.org/knex/-/knex-3.2.8.tgz",
      "integrity": "sha512-ElXXxu9Nq+5hWYdBUddYIWIT5yKKs5KNCsmKGbJSHPyaMpAABp3xs4L55GgdQoAs6QQ7dv72ai3M4pxYQ8utEg==",
      "license": "MIT",
      "dependencies": {
        "colorette": "2.0.19",
        "commander": "^10.0.0",
        "debug": "4.3.4",
        "escalade": "^3.1.1",
        "esm": "^3.2.25",
        "get-package-type": "^0.1.0",
        "getopts": "2.3.0",
        "interpret": "^2.2.0",
        "lodash": "^4.17.21",
        "pg-connection-string": "2.6.2",
        "rechoir": "^0.8.0",
        "resolve-from": "^5.0.0",
        "tarn": "^3.0.2",
        "tildify": "2.0.0"
      },
      "bin": {
        "knex": "bin/cli.js"
      },
      "engines": {
        "node": ">=16"
      },
      "peerDependencies": {
        "pg-query-stream": "^4.14.0"
      },
      "peerDependenciesMeta": {
        "better-sqlite3": {
          "optional": true
        },
        "mysql": {
          "optional": true
        },
        "mysql2": {
          "optional": true
        },
        "pg": {
          "optional": true
        },
        "pg-native": {
          "optional": true
        },
        "pg-query-stream": {
          "optional": true
        },
        "sqlite3": {
          "optional": true
        },
        "tedious": {
          "optional": true
        }
      }
    },
    "node_modules/lodash": {
      "version": "4.18.1",
      "resolved": "https://registry.npmjs.org/lodash/-/lodash-4.18.1.tgz",
      "integrity": "sha512-dMInicTPVE8d1e5otfwmmjlxkZoUpiVLwyeTdUsi/Caj/gfzzblBcCE5sRHV/AsjuCmxWrte2TNGSYuCeCq+0Q==",
      "license": "MIT"
    },
    "node_modules/long": {
      "version": "5.3.2",
      "resolved": "https://registry.npmjs.org/long/-/long-5.3.2.tgz",
      "integrity": "sha512-mNAgZ1GmyNhD7AuqnTG3/VQ26o760+ZYBPKjPvugO8+nLbYfX6TVpJPseBvopbdY+qpZ/lKUnmEc1LeZYS3QAA==",
      "license": "Apache-2.0"
    },
    "node_modules/lru.min": {
      "version": "1.1.4",
      "resolved": "https://registry.npmjs.org/lru.min/-/lru.min-1.1.4.tgz",
      "integrity": "sha512-DqC6n3QQ77zdFpCMASA1a3Jlb64Hv2N2DciFGkO/4L9+q/IpIAuRlKOvCXabtRW6cQf8usbmM6BE/TOPysCdIA==",
      "license": "MIT",
      "engines": {
        "bun": ">=1.0.0",
        "deno": ">=1.30.0",
        "node": ">=8.0.0"
      },
      "funding": {
        "type": "github",
        "url": "https://github.com/sponsors/wellwelwel"
      }
    },
    "node_modules/moment": {
      "version": "2.30.1",
      "resolved": "https://registry.npmjs.org/moment/-/moment-2.30.1.tgz",
      "integrity": "sha512-uEmtNhbDOrWPFS+hdjFCBfy9f2YoyzRpwcl+DqpC6taX21FzsTLQVbMV/W7PzNSX6x/bhC1zA3c2UQ5NzH6how==",
      "license": "MIT",
      "engines": {
        "node": "*"
      }
    },
    "node_modules/moment-timezone": {
      "version": "0.5.48",
      "resolved": "https://registry.npmjs.org/moment-timezone/-/moment-timezone-0.5.48.tgz",
      "integrity": "sha512-f22b8LV1gbTO2ms2j2z13MuPogNoh5UzxL3nzNAYKGraILnbGc9NEE6dyiiiLv46DGRb8A4kg8UKWLjPthxBHw==",
      "license": "MIT",
      "dependencies": {
        "moment": "^2.29.4"
      },
      "engines": {
        "node": "*"
      }
    },
    "node_modules/ms": {
      "version": "2.1.2",
      "resolved": "https://registry.npmjs.org/ms/-/ms-2.1.2.tgz",
      "integrity": "sha512-sGkPx+VjMtmA6MX27oA4FBFELFCZZ4S4XqeGOXCv68tT+jb3vk/RyaKWP0PTKyWtmLSM0b+adUTEvbs1PEaH2w==",
      "license": "MIT"
    },
    "node_modules/mysql2": {
      "version": "3.20.0",
      "resolved": "https://registry.npmjs.org/mysql2/-/mysql2-3.20.0.tgz",
      "integrity": "sha512-eCLUs7BNbgA6nf/MZXsaBO1SfGs0LtLVrJD3WeWq+jPLDWkSufTD+aGMwykfUVPdZnblaUK1a8G/P63cl9FkKg==",
      "license": "MIT",
      "dependencies": {
        "aws-ssl-profiles": "^1.1.2",
        "denque": "^2.1.0",
        "generate-function": "^2.3.1",
        "iconv-lite": "^0.7.2",
        "long": "^5.3.2",
        "lru.min": "^1.1.4",
        "named-placeholders": "^1.1.6",
        "sql-escaper": "^1.3.3"
      },
      "engines": {
        "node": ">= 8.0"
      },
      "peerDependencies": {
        "@types/node": ">= 8"
      }
    },
    "node_modules/named-placeholders": {
      "version": "1.1.6",
      "resolved": "https://registry.npmjs.org/named-placeholders/-/named-placeholders-1.1.6.tgz",
      "integrity": "sha512-Tz09sEL2EEuv5fFowm419c1+a/jSMiBjI9gHxVLrVdbUkkNUUfjsVYs9pVZu5oCon/kmRh9TfLEObFtkVxmY0w==",
      "license": "MIT",
      "dependencies": {
        "lru.min": "^1.1.0"
      },
      "engines": {
        "node": ">=8.0.0"
      }
    },
    "node_modules/node-fetch-native": {
      "version": "1.6.7",
      "resolved": "https://registry.npmjs.org/node-fetch-native/-/node-fetch-native-1.6.7.tgz",
      "integrity": "sha512-g9yhqoedzIUm0nTnTqAQvueMPVOuIY16bqgAJJC8XOOubYFNwz6IER9qs0Gq2Xd0+CecCKFjtdDTMA4u4xG06Q==",
      "license": "MIT"
    },
    "node_modules/nypm": {
      "version": "0.6.5",
      "resolved": "https://registry.npmjs.org/nypm/-/nypm-0.6.5.tgz",
      "integrity": "sha512-K6AJy1GMVyfyMXRVB88700BJqNUkByijGJM8kEHpLdcAt+vSQAVfkWWHYzuRXHSY6xA2sNc5RjTj0p9rE2izVQ==",
      "license": "MIT",
      "dependencies": {
        "citty": "^0.2.0",
        "pathe": "^2.0.3",
        "tinyexec": "^1.0.2"
      },
      "bin": {
        "nypm": "dist/cli.mjs"
      },
      "engines": {
        "node": ">=18"
      }
    },
    "node_modules/nypm/node_modules/citty": {
      "version": "0.2.2",
      "resolved": "https://registry.npmjs.org/citty/-/citty-0.2.2.tgz",
      "integrity": "sha512-+6vJA3L98yv+IdfKGZHBNiGW5KHn22e/JwID0Strsz8h4S/csAu/OuICwxrg44k5MRiZHWIo8XXuJgQTriRP4w==",
      "license": "MIT"
    },
    "node_modules/ohash": {
      "version": "2.0.11",
      "resolved": "https://registry.npmjs.org/ohash/-/ohash-2.0.11.tgz",
      "integrity": "sha512-RdR9FQrFwNBNXAr4GixM8YaRZRJ5PUWbKYbE5eOsrwAjJW0q2REGcf79oYPsLyskQCZG1PLN+S/K1V00joZAoQ==",
      "license": "MIT"
    },
    "node_modules/path-parse": {
      "version": "1.0.7",
      "resolved": "https://registry.npmjs.org/path-parse/-/path-parse-1.0.7.tgz",
      "integrity": "sha512-LDJzPVEEEPR+y48z93A0Ed0yXb8pAByGWo/k5YYdYgpY2/2EsOsksJrq7lOHxryrVOn1ejG6oAp8ahvOIQD8sw==",
      "license": "MIT"
    },
    "node_modules/pathe": {
      "version": "2.0.3",
      "resolved": "https://registry.npmjs.org/pathe/-/pathe-2.0.3.tgz",
      "integrity": "sha512-WUjGcAqP1gQacoQe+OBJsFA7Ld4DyXuUIjZ5cc75cLHvJ7dtNsTugphxIADwspS+AraAUePCKrSVtPLFj/F88w==",
      "license": "MIT"
    },
    "node_modules/perfect-debounce": {
      "version": "1.0.0",
      "resolved": "https://registry.npmjs.org/perfect-debounce/-/perfect-debounce-1.0.0.tgz",
      "integrity": "sha512-xCy9V055GLEqoFaHoC1SoLIaLmWctgCUaBaWxDZ7/Zx4CTyX7cJQLJOok/orfjZAh9kEYpjJa4d0KcJmCbctZA==",
      "license": "MIT"
    },
    "node_modules/pg": {
      "version": "8.20.0",
      "resolved": "https://registry.npmjs.org/pg/-/pg-8.20.0.tgz",
      "integrity": "sha512-ldhMxz2r8fl/6QkXnBD3CR9/xg694oT6DZQ2s6c/RI28OjtSOpxnPrUCGOBJ46RCUxcWdx3p6kw/xnDHjKvaRA==",
      "license": "MIT",
      "dependencies": {
        "pg-connection-string": "^2.12.0",
        "pg-pool": "^3.13.0",
        "pg-protocol": "^1.13.0",
        "pg-types": "2.2.0",
        "pgpass": "1.0.5"
      },
      "engines": {
        "node": ">= 16.0.0"
      },
      "optionalDependencies": {
        "pg-cloudflare": "^1.3.0"
      },
      "peerDependencies": {
        "pg-native": ">=3.0.1"
      },
      "peerDependenciesMeta": {
        "pg-native": {
          "optional": true
        }
      }
    },
    "node_modules/pg-cloudflare": {
      "version": "1.3.0",
      "resolved": "https://registry.npmjs.org/pg-cloudflare/-/pg-cloudflare-1.3.0.tgz",
      "integrity": "sha512-6lswVVSztmHiRtD6I8hw4qP/nDm1EJbKMRhf3HCYaqud7frGysPv7FYJ5noZQdhQtN2xJnimfMtvQq21pdbzyQ==",
      "license": "MIT",
      "optional": true
    },
    "node_modules/pg-connection-string": {
      "version": "2.6.2",
      "resolved": "https://registry.npmjs.org/pg-connection-string/-/pg-connection-string-2.6.2.tgz",
      "integrity": "sha512-ch6OwaeaPYcova4kKZ15sbJ2hKb/VP48ZD2gE7i1J+L4MspCtBMAx8nMgz7bksc7IojCIIWuEhHibSMFH8m8oA==",
      "license": "MIT"
    },
    "node_modules/pg-int8": {
      "version": "1.0.1",
      "resolved": "https://registry.npmjs.org/pg-int8/-/pg-int8-1.0.1.tgz",
      "integrity": "sha512-WCtabS6t3c8SkpDBUlb1kjOs7l66xsGdKpIPZsg4wR+B3+u9UAum2odSsF9tnvxg80h4ZxLWMy4pRjOsFIqQpw==",
      "license": "ISC",
      "engines": {
        "node": ">=4.0.0"
      }
    },
    "node_modules/pg-pool": {
      "version": "3.13.0",
      "resolved": "https://registry.npmjs.org/pg-pool/-/pg-pool-3.13.0.tgz",
      "integrity": "sha512-gB+R+Xud1gLFuRD/QgOIgGOBE2KCQPaPwkzBBGC9oG69pHTkhQeIuejVIk3/cnDyX39av2AxomQiyPT13WKHQA==",
      "license": "MIT",
      "peerDependencies": {
        "pg": ">=8.0"
      }
    },
    "node_modules/pg-protocol": {
      "version": "1.13.0",
      "resolved": "https://registry.npmjs.org/pg-protocol/-/pg-protocol-1.13.0.tgz",
      "integrity": "sha512-zzdvXfS6v89r6v7OcFCHfHlyG/wvry1ALxZo4LqgUoy7W9xhBDMaqOuMiF3qEV45VqsN6rdlcehHrfDtlCPc8w==",
      "license": "MIT"
    },
    "node_modules/pg-types": {
      "version": "2.2.0",
      "resolved": "https://registry.npmjs.org/pg-types/-/pg-types-2.2.0.tgz",
      "integrity": "sha512-qTAAlrEsl8s4OiEQY69wDvcMIdQN6wdz5ojQiOy6YRMuynxenON0O5oCpJI6lshc6scgAY8qvJ2On/p+CXY0GA==",
      "license": "MIT",
      "dependencies": {
        "pg-int8": "1.0.1",
        "postgres-array": "~2.0.0",
        "postgres-bytea": "~1.0.0",
        "postgres-date": "~1.0.4",
        "postgres-interval": "^1.1.0"
      },
      "engines": {
        "node": ">=4"
      }
    },
    "node_modules/pg/node_modules/pg-connection-string": {
      "version": "2.12.0",
      "resolved": "https://registry.npmjs.org/pg-connection-string/-/pg-connection-string-2.12.0.tgz",
      "integrity": "sha512-U7qg+bpswf3Cs5xLzRqbXbQl85ng0mfSV/J0nnA31MCLgvEaAo7CIhmeyrmJpOr7o+zm0rXK+hNnT5l9RHkCkQ==",
      "license": "MIT"
    },
    "node_modules/pgpass": {
      "version": "1.0.5",
      "resolved": "https://registry.npmjs.org/pgpass/-/pgpass-1.0.5.tgz",
      "integrity": "sha512-FdW9r/jQZhSeohs1Z3sI1yxFQNFvMcnmfuj4WBMUTxOrAyLMaTcE1aAMBiTlbMNaXvBCQuVi0R7hd8udDSP7ug==",
      "license": "MIT",
      "dependencies": {
        "split2": "^4.1.0"
      }
    },
    "node_modules/pkg-types": {
      "version": "2.3.0",
      "resolved": "https://registry.npmjs.org/pkg-types/-/pkg-types-2.3.0.tgz",
      "integrity": "sha512-SIqCzDRg0s9npO5XQ3tNZioRY1uK06lA41ynBC1YmFTmnY6FjUjVt6s4LoADmwoig1qqD0oK8h1p/8mlMx8Oig==",
      "license": "MIT",
      "dependencies": {
        "confbox": "^0.2.2",
        "exsolve": "^1.0.7",
        "pathe": "^2.0.3"
      }
    },
    "node_modules/postgres-array": {
      "version": "2.0.0",
      "resolved": "https://registry.npmjs.org/postgres-array/-/postgres-array-2.0.0.tgz",
      "integrity": "sha512-VpZrUqU5A69eQyW2c5CA1jtLecCsN2U/bD6VilrFDWq5+5UIEVO7nazS3TEcHf1zuPYO/sqGvUvW62g86RXZuA==",
      "license": "MIT",
      "engines": {
        "node": ">=4"
      }
    },
    "node_modules/postgres-bytea": {
      "version": "1.0.1",
      "resolved": "https://registry.npmjs.org/postgres-bytea/-/postgres-bytea-1.0.1.tgz",
      "integrity": "sha512-5+5HqXnsZPE65IJZSMkZtURARZelel2oXUEO8rH83VS/hxH5vv1uHquPg5wZs8yMAfdv971IU+kcPUczi7NVBQ==",
      "license": "MIT",
      "engines": {
        "node": ">=0.10.0"
      }
    },
    "node_modules/postgres-date": {
      "version": "1.0.7",
      "resolved": "https://registry.npmjs.org/postgres-date/-/postgres-date-1.0.7.tgz",
      "integrity": "sha512-suDmjLVQg78nMK2UZ454hAG+OAW+HQPZ6n++TNDUX+L0+uUlLywnoxJKDou51Zm+zTCjrCl0Nq6J9C5hP9vK/Q==",
      "license": "MIT",
      "engines": {
        "node": ">=0.10.0"
      }
    },
    "node_modules/postgres-interval": {
      "version": "1.2.0",
      "resolved": "https://registry.npmjs.org/postgres-interval/-/postgres-interval-1.2.0.tgz",
      "integrity": "sha512-9ZhXKM/rw350N1ovuWHbGxnGh/SNJ4cnxHiM0rxE4VN41wsg8P8zWn9hv/buK00RP4WvlOyr/RBDiptyxVbkZQ==",
      "license": "MIT",
      "dependencies": {
        "xtend": "^4.0.0"
      },
      "engines": {
        "node": ">=0.10.0"
      }
    },
    "node_modules/prisma": {
      "version": "6.19.3",
      "resolved": "https://registry.npmjs.org/prisma/-/prisma-6.19.3.tgz",
      "integrity": "sha512-++ZJ0ijLrDJF6hNB4t4uxg2br3fC4H9Yc9tcbjr2fcNFP3rh/SBNrAgjhsqBU4Ght8JPrVofG/ZkXfnSfnYsFg==",
      "hasInstallScript": true,
      "license": "Apache-2.0",
      "peer": true,
      "dependencies": {
        "@prisma/config": "6.19.3",
        "@prisma/engines": "6.19.3"
      },
      "bin": {
        "prisma": "build/index.js"
      },
      "engines": {
        "node": ">=18.18"
      },
      "peerDependencies": {
        "typescript": ">=5.1.0"
      },
      "peerDependenciesMeta": {
        "typescript": {
          "optional": true
        }
      }
    },
    "node_modules/pure-rand": {
      "version": "6.1.0",
      "resolved": "https://registry.npmjs.org/pure-rand/-/pure-rand-6.1.0.tgz",
      "integrity": "sha512-bVWawvoZoBYpp6yIoQtQXHZjmz35RSVHnUOTefl8Vcjr8snTPY1wnpSPMWekcFwbxI6gtmT7rSYPFvz71ldiOA==",
      "funding": [
        {
          "type": "individual",
          "url": "https://github.com/sponsors/dubzzz"
        },
        {
          "type": "opencollective",
          "url": "https://opencollective.com/fast-check"
        }
      ],
      "license": "MIT"
    },
    "node_modules/rc9": {
      "version": "2.1.2",
      "resolved": "https://registry.npmjs.org/rc9/-/rc9-2.1.2.tgz",
      "integrity": "sha512-btXCnMmRIBINM2LDZoEmOogIZU7Qe7zn4BpomSKZ/ykbLObuBdvG+mFq11DL6fjH1DRwHhrlgtYWG96bJiC7Cg==",
      "license": "MIT",
      "dependencies": {
        "defu": "^6.1.4",
        "destr": "^2.0.3"
      }
    },
    "node_modules/readdirp": {
      "version": "4.1.2",
      "resolved": "https://registry.npmjs.org/readdirp/-/readdirp-4.1.2.tgz",
      "integrity": "sha512-GDhwkLfywWL2s6vEjyhri+eXmfH6j1L7JE27WhqLeYzoh/A3DBaYGEj2H/HFZCn/kMfim73FXxEJTw06WtxQwg==",
      "license": "MIT",
      "engines": {
        "node": ">= 14.18.0"
      },
      "funding": {
        "type": "individual",
        "url": "https://paulmillr.com/funding/"
      }
    },
    "node_modules/rechoir": {
      "version": "0.8.0",
      "resolved": "https://registry.npmjs.org/rechoir/-/rechoir-0.8.0.tgz",
      "integrity": "sha512-/vxpCXddiX8NGfGO/mTafwjq4aFa/71pvamip0++IQk3zG8cbCj0fifNPrjjF1XMXUne91jL9OoxmdykoEtifQ==",
      "license": "MIT",
      "dependencies": {
        "resolve": "^1.20.0"
      },
      "engines": {
        "node": ">= 10.13.0"
      }
    },
    "node_modules/resolve": {
      "version": "1.22.11",
      "resolved": "https://registry.npmjs.org/resolve/-/resolve-1.22.11.tgz",
      "integrity": "sha512-RfqAvLnMl313r7c9oclB1HhUEAezcpLjz95wFH4LVuhk9JF/r22qmVP9AMmOU4vMX7Q8pN8jwNg/CSpdFnMjTQ==",
      "license": "MIT",
      "dependencies": {
        "is-core-module": "^2.16.1",
        "path-parse": "^1.0.7",
        "supports-preserve-symlinks-flag": "^1.0.0"
      },
      "bin": {
        "resolve": "bin/resolve"
      },
      "engines": {
        "node": ">= 0.4"
      },
      "funding": {
        "url": "https://github.com/sponsors/ljharb"
      }
    },
    "node_modules/resolve-from": {
      "version": "5.0.0",
      "resolved": "https://registry.npmjs.org/resolve-from/-/resolve-from-5.0.0.tgz",
      "integrity": "sha512-qYg9KP24dD5qka9J47d0aVky0N+b4fTU89LN9iDnjB5waksiC49rvMB0PrUJQGoTmH50XPiqOvAjDfaijGxYZw==",
      "license": "MIT",
      "engines": {
        "node": ">=8"
      }
    },
    "node_modules/retry-as-promised": {
      "version": "7.1.1",
      "resolved": "https://registry.npmjs.org/retry-as-promised/-/retry-as-promised-7.1.1.tgz",
      "integrity": "sha512-hMD7odLOt3LkTjcif8aRZqi/hybjpLNgSk5oF5FCowfCjok6LukpN2bDX7R5wDmbgBQFn7YoBxSagmtXHaJYJw==",
      "license": "MIT"
    },
    "node_modules/safer-buffer": {
      "version": "2.1.2",
      "resolved": "https://registry.npmjs.org/safer-buffer/-/safer-buffer-2.1.2.tgz",
      "integrity": "sha512-YZo3K82SD7Riyi0E1EQPojLz7kpepnSQI9IyPbHHg1XXXevb5dJI7tpyN2ADxGcQbHG7vcyRHk0cbwqcQriUtg==",
      "license": "MIT"
    },
    "node_modules/semver": {
      "version": "7.7.4",
      "resolved": "https://registry.npmjs.org/semver/-/semver-7.7.4.tgz",
      "integrity": "sha512-vFKC2IEtQnVhpT78h1Yp8wzwrf8CM+MzKMHGJZfBtzhZNycRFnXsHk6E5TxIkkMsgNS7mdX3AGB7x2QM2di4lA==",
      "license": "ISC",
      "bin": {
        "semver": "bin/semver.js"
      },
      "engines": {
        "node": ">=10"
      }
    },
    "node_modules/sequelize": {
      "version": "6.37.8",
      "resolved": "https://registry.npmjs.org/sequelize/-/sequelize-6.37.8.tgz",
      "integrity": "sha512-HJ0IQFqcTsTiqbEgiuioYFMSD00TP6Cz7zoTti+zVVBwVe9fEhev9cH6WnM3XU31+ABS356durAb99ZuOthnKw==",
      "funding": [
        {
          "type": "opencollective",
          "url": "https://opencollective.com/sequelize"
        }
      ],
      "license": "MIT",
      "dependencies": {
        "@types/debug": "^4.1.8",
        "@types/validator": "^13.7.17",
        "debug": "^4.3.4",
        "dottie": "^2.0.6",
        "inflection": "^1.13.4",
        "lodash": "^4.17.21",
        "moment": "^2.29.4",
        "moment-timezone": "^0.5.43",
        "pg-connection-string": "^2.6.1",
        "retry-as-promised": "^7.0.4",
        "semver": "^7.5.4",
        "sequelize-pool": "^7.1.0",
        "toposort-class": "^1.0.1",
        "uuid": "^8.3.2",
        "validator": "^13.9.0",
        "wkx": "^0.5.0"
      },
      "engines": {
        "node": ">=10.0.0"
      },
      "peerDependenciesMeta": {
        "ibm_db": {
          "optional": true
        },
        "mariadb": {
          "optional": true
        },
        "mysql2": {
          "optional": true
        },
        "oracledb": {
          "optional": true
        },
        "pg": {
          "optional": true
        },
        "pg-hstore": {
          "optional": true
        },
        "snowflake-sdk": {
          "optional": true
        },
        "sqlite3": {
          "optional": true
        },
        "tedious": {
          "optional": true
        }
      }
    },
    "node_modules/sequelize-pool": {
      "version": "7.1.0",
      "resolved": "https://registry.npmjs.org/sequelize-pool/-/sequelize-pool-7.1.0.tgz",
      "integrity": "sha512-G9c0qlIWQSK29pR/5U2JF5dDQeqqHRragoyahj/Nx4KOOQ3CPPfzxnfqFPCSB7x5UgjOgnZ61nSxz+fjDpRlJg==",
      "license": "MIT",
      "engines": {
        "node": ">= 10.0.0"
      }
    },
    "node_modules/split2": {
      "version": "4.2.0",
      "resolved": "https://registry.npmjs.org/split2/-/split2-4.2.0.tgz",
      "integrity": "sha512-UcjcJOWknrNkF6PLX83qcHM6KHgVKNkV62Y8a5uYDVv9ydGQVwAHMKqHdJje1VTWpljG0WYpCDhrCdAOYH4TWg==",
      "license": "ISC",
      "engines": {
        "node": ">= 10.x"
      }
    },
    "node_modules/sql-escaper": {
      "version": "1.3.3",
      "resolved": "https://registry.npmjs.org/sql-escaper/-/sql-escaper-1.3.3.tgz",
      "integrity": "sha512-BsTCV265VpTp8tm1wyIm1xqQCS+Q9NHx2Sr+WcnUrgLrQ6yiDIvHYJV5gHxsj1lMBy2zm5twLaZao8Jd+S8JJw==",
      "license": "MIT",
      "engines": {
        "bun": ">=1.0.0",
        "deno": ">=2.0.0",
        "node": ">=12.0.0"
      },
      "funding": {
        "type": "github",
        "url": "https://github.com/mysqljs/sql-escaper?sponsor=1"
      }
    },
    "node_modules/supports-preserve-symlinks-flag": {
      "version": "1.0.0",
      "resolved": "https://registry.npmjs.org/supports-preserve-symlinks-flag/-/supports-preserve-symlinks-flag-1.0.0.tgz",
      "integrity": "sha512-ot0WnXS9fgdkgIcePe6RHNk1WA8+muPa6cSjeR3V8K27q9BB1rTE3R1p7Hv0z1ZyAc8s6Vvv8DIyWf681MAt0w==",
      "license": "MIT",
      "engines": {
        "node": ">= 0.4"
      },
      "funding": {
        "url": "https://github.com/sponsors/ljharb"
      }
    },
    "node_modules/tarn": {
      "version": "3.0.2",
      "resolved": "https://registry.npmjs.org/tarn/-/tarn-3.0.2.tgz",
      "integrity": "sha512-51LAVKUSZSVfI05vjPESNc5vwqqZpbXCsU+/+wxlOrUjk2SnFTt97v9ZgQrD4YmxYW1Px6w2KjaDitCfkvgxMQ==",
      "license": "MIT",
      "engines": {
        "node": ">=8.0.0"
      }
    },
    "node_modules/tildify": {
      "version": "2.0.0",
      "resolved": "https://registry.npmjs.org/tildify/-/tildify-2.0.0.tgz",
      "integrity": "sha512-Cc+OraorugtXNfs50hU9KS369rFXCfgGLpfCfvlc+Ud5u6VWmUQsOAa9HbTvheQdYnrdJqqv1e5oIqXppMYnSw==",
      "license": "MIT",
      "engines": {
        "node": ">=8"
      }
    },
    "node_modules/tinyexec": {
      "version": "1.0.4",
      "resolved": "https://registry.npmjs.org/tinyexec/-/tinyexec-1.0.4.tgz",
      "integrity": "sha512-u9r3uZC0bdpGOXtlxUIdwf9pkmvhqJdrVCH9fapQtgy/OeTTMZ1nqH7agtvEfmGui6e1XxjcdrlxvxJvc3sMqw==",
      "license": "MIT",
      "engines": {
        "node": ">=18"
      }
    },
    "node_modules/toposort-class": {
      "version": "1.0.1",
      "resolved": "https://registry.npmjs.org/toposort-class/-/toposort-class-1.0.1.tgz",
      "integrity": "sha512-OsLcGGbYF3rMjPUf8oKktyvCiUxSbqMMS39m33MAjLTC1DVIH6x3WSt63/M77ihI09+Sdfk1AXvfhCEeUmC7mg==",
      "license": "MIT"
    },
    "node_modules/undici-types": {
      "version": "7.18.2",
      "resolved": "https://registry.npmjs.org/undici-types/-/undici-types-7.18.2.tgz",
      "integrity": "sha512-AsuCzffGHJybSaRrmr5eHr81mwJU3kjw6M+uprWvCXiNeN9SOGwQ3Jn8jb8m3Z6izVgknn1R0FTCEAP2QrLY/w==",
      "license": "MIT"
    },
    "node_modules/uuid": {
      "version": "8.3.2",
      "resolved": "https://registry.npmjs.org/uuid/-/uuid-8.3.2.tgz",
      "integrity": "sha512-+NYs2QeMWy+GWFOEm9xnn6HCDp0l7QBD7ml8zLUmJ+93Q5NF0NocErnwkTkXVFNiX3/fpC6afS8Dhb/gz7R7eg==",
      "license": "MIT",
      "bin": {
        "uuid": "dist/bin/uuid"
      }
    },
    "node_modules/validator": {
      "version": "13.15.35",
      "resolved": "https://registry.npmjs.org/validator/-/validator-13.15.35.tgz",
      "integrity": "sha512-TQ5pAGhd5whStmqWvYF4OjQROlmv9SMFVt37qoCBdqRffuuklWYQlCNnEs2ZaIBD1kZRNnikiZOS1eqgkar0iw==",
      "license": "MIT",
      "engines": {
        "node": ">= 0.10"
      }
    },
    "node_modules/wkx": {
      "version": "0.5.0",
      "resolved": "https://registry.npmjs.org/wkx/-/wkx-0.5.0.tgz",
      "integrity": "sha512-Xng/d4Ichh8uN4l0FToV/258EjMGU9MGcA0HV2d9B/ZpZB3lqQm7nkOdZdm5GhKtLLhAE7PiVQwN4eN+2YJJUg==",
      "license": "MIT",
      "dependencies": {
        "@types/node": "*"
      }
    },
    "node_modules/xtend": {
      "version": "4.0.2",
      "resolved": "https://registry.npmjs.org/xtend/-/xtend-4.0.2.tgz",
      "integrity": "sha512-LKYU1iAXJXUgAXn9URjiu+MWhyUXHsvfp7mcuYm9dSUKK0/CjtrUwFAxD82/mCWbtLsGjFIad0wIsod4zrTAEQ==",
      "license": "MIT",
      "engines": {
        "node": ">=0.4"
      }
    }
  }
}
